
Microsoft Visual Studio Solution File, Format Version 12.00
# Visual Studio Version 17
VisualStudioVersion = 17.0.31903.59
MinimumVisualStudioVersion = 10.0.40219.1
Project("{FAE04EC0-301F-11D3-BF4B-00C04F79EFBC}") = "AutoHunie.ConsoleApp", "AutoHunie.ConsoleApp\AutoHunie.ConsoleApp.csproj", "{03CB7E9D-65AA-4D21-90C7-85CC0F1DEE87}"
EndProject
Global
	GlobalSection(SolutionConfigurationPlatforms) = preSolution
		Debug|Any CPU = Debug|Any CPU
		Release|Any CPU = Release|Any CPU
	EndGlobalSection
	GlobalSection(SolutionProperties) = preSolution
		HideSolutionNode = FALSE
	EndGlobalSection
	GlobalSection(ProjectConfigurationPlatforms) = postSolution
		{03CB7E9D-65AA-4D21-90C7-85CC0F1DEE87}.Debug|Any CPU.ActiveCfg = Debug|Any CPU
		{03CB7E9D-65AA-4D21-90C7-85CC0F1DEE87}.Debug|Any CPU.Build.0 = Debug|Any CPU
		{03CB7E9D-65AA-4D21-90C7-85CC0F1DEE87}.Release|Any CPU.ActiveCfg = Release|Any CPU
		{03CB7E9D-65AA-4D21-90C7-85CC0F1DEE87}.Release|Any CPU.Build.0 = Release|Any CPU
	EndGlobalSection
EndGlobal
